
Microsoft Visual Studio Solution File, Format Version 12.00
Project("{FAE04EC0-301F-11D3-BF4B-00C04F79EFBC}") = "Logger", "Logger\Logger.csproj", "{B8EF8A69-7B5C-4DCF-92B1-8E6C95CBE4B9}"
EndProject
Project("{FAE04EC0-301F-11D3-BF4B-00C04F79EFBC}") = "Logger.Abstractions", "Logger.Abstractions\Logger.Abstractions.csproj", "{682A968D-39D3-4BAD-BDA5-3C6E7FFA328A}"
EndProject
Project("{FAE04EC0-301F-11D3-BF4B-00C04F79EFBC}") = "Logger.Tests", "Logger.Tests\Logger.Tests.csproj", "{5FFC2C91-4A55-4764-9745-2C633C53FAE1}"
EndProject
Project("{2150E333-8FDC-42A3-9474-1A3956D46DE8}") = ".misc", ".misc", "{AC80860E-1E8E-48B8-9EC3-A296E47298D3}"
	ProjectSection(SolutionItems) = preProject
		.gitignore = .gitignore
		LICENSE = LICENSE
		README.md = README.md
		.github\workflows\deploy_develop.yml = .github\workflows\deploy_develop.yml
		.github\workflows\deploy_main.yml = .github\workflows\deploy_main.yml
	EndProjectSection
EndProject
Global
	GlobalSection(SolutionConfigurationPlatforms) = preSolution
		Debug|Any CPU = Debug|Any CPU
		Release|Any CPU = Release|Any CPU
	EndGlobalSection
	GlobalSection(ProjectConfigurationPlatforms) = postSolution
		{B8EF8A69-7B5C-4DCF-92B1-8E6C95CBE4B9}.Debug|Any CPU.ActiveCfg = Debug|Any CPU
		{B8EF8A69-7B5C-4DCF-92B1-8E6C95CBE4B9}.Debug|Any CPU.Build.0 = Debug|Any CPU
		{B8EF8A69-7B5C-4DCF-92B1-8E6C95CBE4B9}.Release|Any CPU.ActiveCfg = Release|Any CPU
		{B8EF8A69-7B5C-4DCF-92B1-8E6C95CBE4B9}.Release|Any CPU.Build.0 = Release|Any CPU
		{682A968D-39D3-4BAD-BDA5-3C6E7FFA328A}.Debug|Any CPU.ActiveCfg = Debug|Any CPU
		{682A968D-39D3-4BAD-BDA5-3C6E7FFA328A}.Debug|Any CPU.Build.0 = Debug|Any CPU
		{682A968D-39D3-4BAD-BDA5-3C6E7FFA328A}.Release|Any CPU.ActiveCfg = Release|Any CPU
		{682A968D-39D3-4BAD-BDA5-3C6E7FFA328A}.Release|Any CPU.Build.0 = Release|Any CPU
		{5FFC2C91-4A55-4764-9745-2C633C53FAE1}.Debug|Any CPU.ActiveCfg = Debug|Any CPU
		{5FFC2C91-4A55-4764-9745-2C633C53FAE1}.Debug|Any CPU.Build.0 = Debug|Any CPU
		{5FFC2C91-4A55-4764-9745-2C633C53FAE1}.Release|Any CPU.ActiveCfg = Release|Any CPU
		{5FFC2C91-4A55-4764-9745-2C633C53FAE1}.Release|Any CPU.Build.0 = Release|Any CPU
	EndGlobalSection
EndGlobal
